// !$*UTF8*$!
{
	archiveVersion = 1;
	classes = {
	};
	objectVersion = 56;
	objects = {

/* Begin PBXBuildFile section */
		2C362FFA2C2AD21D000FD762 /* SwiftUIStudyApp.swift in Sources */ = {isa = PBXBuildFile; fileRef = 2C362FF92C2AD21D000FD762 /* SwiftUIStudyApp.swift */; };
		2C362FFE2C2AD21E000FD762 /* Assets.xcassets in Resources */ = {isa = PBXBuildFile; fileRef = 2C362FFD2C2AD21E000FD762 /* Assets.xcassets */; };
		2C3630012C2AD21E000FD762 /* Preview Assets.xcassets in Resources */ = {isa = PBXBuildFile; fileRef = 2C3630002C2AD21E000FD762 /* Preview Assets.xcassets */; };
		2C36300B2C2AD21E000FD762 /* SwiftUIStudyTests.swift in Sources */ = {isa = PBXBuildFile; fileRef = 2C36300A2C2AD21E000FD762 /* SwiftUIStudyTests.swift */; };
		2C3630152C2AD21E000FD762 /* SwiftUIStudyUITests.swift in Sources */ = {isa = PBXBuildFile; fileRef = 2C3630142C2AD21E000FD762 /* SwiftUIStudyUITests.swift */; };
		2C3630172C2AD21E000FD762 /* SwiftUIStudyUITestsLaunchTests.swift in Sources */ = {isa = PBXBuildFile; fileRef = 2C3630162C2AD21E000FD762 /* SwiftUIStudyUITestsLaunchTests.swift */; };
		2C3630242C2AD2CA000FD762 /* SoomView.swift in Sources */ = {isa = PBXBuildFile; fileRef = 2C3630232C2AD2CA000FD762 /* SoomView.swift */; };
		2C3630262C2AD2DB000FD762 /* So0View.swift in Sources */ = {isa = PBXBuildFile; fileRef = 2C3630252C2AD2DB000FD762 /* So0View.swift */; };
		2C36302A2C2AD326000FD762 /* ActIveView.swift in Sources */ = {isa = PBXBuildFile; fileRef = 2C3630292C2AD326000FD762 /* ActIveView.swift */; };
		2C36302C2C2AD346000FD762 /* LipsView.swift in Sources */ = {isa = PBXBuildFile; fileRef = 2C36302B2C2AD346000FD762 /* LipsView.swift */; };
		2C36302E2C2AD35C000FD762 /* MarbleView.swift in Sources */ = {isa = PBXBuildFile; fileRef = 2C36302D2C2AD35C000FD762 /* MarbleView.swift */; };
		2CCF619E2C3425B70091062C /* LottoView.swift in Sources */ = {isa = PBXBuildFile; fileRef = 2CCF619D2C3425B70091062C /* LottoView.swift */; };
		7738FB0C2C2BD156002A8104 /* MainTabView.swift in Sources */ = {isa = PBXBuildFile; fileRef = 7738FB0B2C2BD156002A8104 /* MainTabView.swift */; };
		7738FB0E2C2BD1F6002A8104 /* SumchiveView.swift in Sources */ = {isa = PBXBuildFile; fileRef = 7738FB0D2C2BD1F6002A8104 /* SumchiveView.swift */; };
/* End PBXBuildFile section */

/* Begin PBXContainerItemProxy section */
		2C3630072C2AD21E000FD762 /* PBXContainerItemProxy */ = {
			isa = PBXContainerItemProxy;
			containerPortal = 2C362FEE2C2AD21D000FD762 /* Project object */;
			proxyType = 1;
			remoteGlobalIDString = 2C362FF52C2AD21D000FD762;
			remoteInfo = SwiftUIStudy;
		};
		2C3630112C2AD21E000FD762 /* PBXContainerItemProxy */ = {
			isa = PBXContainerItemProxy;
			containerPortal = 2C362FEE2C2AD21D000FD762 /* Project object */;
			proxyType = 1;
			remoteGlobalIDString = 2C362FF52C2AD21D000FD762;
			remoteInfo = SwiftUIStudy;
		};
/* End PBXContainerItemProxy section */

/* Begin PBXFileReference section */
		2C362FF62C2AD21D000FD762 /* SwiftUIStudy.app */ = {isa = PBXFileReference; explicitFileType = wrapper.application; includeInIndex = 0; path = SwiftUIStudy.app; sourceTree = BUILT_PRODUCTS_DIR; };
		2C362FF92C2AD21D000FD762 /* SwiftUIStudyApp.swift */ = {isa = PBXFileReference; lastKnownFileType = sourcecode.swift; path = SwiftUIStudyApp.swift; sourceTree = "<group>"; };
		2C362FFD2C2AD21E000FD762 /* Assets.xcassets */ = {isa = PBXFileReference; lastKnownFileType = folder.assetcatalog; path = Assets.xcassets; sourceTree = "<group>"; };
		2C3630002C2AD21E000FD762 /* Preview Assets.xcassets */ = {isa = PBXFileReference; lastKnownFileType = folder.assetcatalog; path = "Preview Assets.xcassets"; sourceTree = "<group>"; };
		2C3630062C2AD21E000FD762 /* SwiftUIStudyTests.xctest */ = {isa = PBXFileReference; explicitFileType = wrapper.cfbundle; includeInIndex = 0; path = SwiftUIStudyTests.xctest; sourceTree = BUILT_PRODUCTS_DIR; };
		2C36300A2C2AD21E000FD762 /* SwiftUIStudyTests.swift */ = {isa = PBXFileReference; lastKnownFileType = sourcecode.swift; path = SwiftUIStudyTests.swift; sourceTree = "<group>"; };
		2C3630102C2AD21E000FD762 /* SwiftUIStudyUITests.xctest */ = {isa = PBXFileReference; explicitFileType = wrapper.cfbundle; includeInIndex = 0; path = SwiftUIStudyUITests.xctest; sourceTree = BUILT_PRODUCTS_DIR; };
		2C3630142C2AD21E000FD762 /* SwiftUIStudyUITests.swift */ = {isa = PBXFileReference; lastKnownFileType = sourcecode.swift; path = SwiftUIStudyUITests.swift; sourceTree = "<group>"; };
		2C3630162C2AD21E000FD762 /* SwiftUIStudyUITestsLaunchTests.swift */ = {isa = PBXFileReference; lastKnownFileType = sourcecode.swift; path = SwiftUIStudyUITestsLaunchTests.swift; sourceTree = "<group>"; };
		2C3630232C2AD2CA000FD762 /* SoomView.swift */ = {isa = PBXFileReference; lastKnownFileType = sourcecode.swift; path = SoomView.swift; sourceTree = "<group>"; };
		2C3630252C2AD2DB000FD762 /* So0View.swift */ = {isa = PBXFileReference; lastKnownFileType = sourcecode.swift; path = So0View.swift; sourceTree = "<group>"; };
		2C3630292C2AD326000FD762 /* ActIveView.swift */ = {isa = PBXFileReference; lastKnownFileType = sourcecode.swift; path = ActIveView.swift; sourceTree = "<group>"; };
		2C36302B2C2AD346000FD762 /* LipsView.swift */ = {isa = PBXFileReference; lastKnownFileType = sourcecode.swift; path = LipsView.swift; sourceTree = "<group>"; };
		2C36302D2C2AD35C000FD762 /* MarbleView.swift */ = {isa = PBXFileReference; lastKnownFileType = sourcecode.swift; path = MarbleView.swift; sourceTree = "<group>"; };
		2CCF619D2C3425B70091062C /* LottoView.swift */ = {isa = PBXFileReference; lastKnownFileType = sourcecode.swift; path = LottoView.swift; sourceTree = "<group>"; };
		7738FB0B2C2BD156002A8104 /* MainTabView.swift */ = {isa = PBXFileReference; lastKnownFileType = sourcecode.swift; path = MainTabView.swift; sourceTree = "<group>"; };
		7738FB0D2C2BD1F6002A8104 /* SumchiveView.swift */ = {isa = PBXFileReference; lastKnownFileType = sourcecode.swift; path = SumchiveView.swift; sourceTree = "<group>"; };
/* End PBXFileReference section */

/* Begin PBXFrameworksBuildPhase section */
		2C362FF32C2AD21D000FD762 /* Frameworks */ = {
			isa = PBXFrameworksBuildPhase;
			buildActionMask = 2147483647;
			files = (
			);
			runOnlyForDeploymentPostprocessing = 0;
		};
		2C3630032C2AD21E000FD762 /* Frameworks */ = {
			isa = PBXFrameworksBuildPhase;
			buildActionMask = 2147483647;
			files = (
			);
			runOnlyForDeploymentPostprocessing = 0;
		};
		2C36300D2C2AD21E000FD762 /* Frameworks */ = {
			isa = PBXFrameworksBuildPhase;
			buildActionMask = 2147483647;
			files = (
			);
			runOnlyForDeploymentPostprocessing = 0;
		};
/* End PBXFrameworksBuildPhase section */

/* Begin PBXGroup section */
		2C1376162C382C4100CE1BC9 /* SoomViews */ = {
			isa = PBXGroup;
			children = (
				2CCF619D2C3425B70091062C /* LottoView.swift */,
			);
			path = SoomViews;
			sourceTree = "<group>";
		};
		2C362FED2C2AD21D000FD762 = {
			isa = PBXGroup;
			children = (
				2C362FF82C2AD21D000FD762 /* SwiftUIStudy */,
				2C3630092C2AD21E000FD762 /* SwiftUIStudyTests */,
				2C3630132C2AD21E000FD762 /* SwiftUIStudyUITests */,
				2C362FF72C2AD21D000FD762 /* Products */,
			);
			sourceTree = "<group>";
		};
		2C362FF72C2AD21D000FD762 /* Products */ = {
			isa = PBXGroup;
			children = (
				2C362FF62C2AD21D000FD762 /* SwiftUIStudy.app */,
				2C3630062C2AD21E000FD762 /* SwiftUIStudyTests.xctest */,
				2C3630102C2AD21E000FD762 /* SwiftUIStudyUITests.xctest */,
			);
			name = Products;
			sourceTree = "<group>";
		};
		2C362FF82C2AD21D000FD762 /* SwiftUIStudy */ = {
			isa = PBXGroup;
			children = (
				2C362FF92C2AD21D000FD762 /* SwiftUIStudyApp.swift */,
				2C3630302C2AD372000FD762 /* MainTabView */,
				2C36302F2C2AD36C000FD762 /* View */,
				2C362FFD2C2AD21E000FD762 /* Assets.xcassets */,
				2C362FFF2C2AD21E000FD762 /* Preview Content */,
			);
			path = SwiftUIStudy;
			sourceTree = "<group>";
		};
		2C362FFF2C2AD21E000FD762 /* Preview Content */ = {
			isa = PBXGroup;
			children = (
				2C3630002C2AD21E000FD762 /* Preview Assets.xcassets */,
			);
			path = "Preview Content";
			sourceTree = "<group>";
		};
		2C3630092C2AD21E000FD762 /* SwiftUIStudyTests */ = {
			isa = PBXGroup;
			children = (
				2C36300A2C2AD21E000FD762 /* SwiftUIStudyTests.swift */,
			);
			path = SwiftUIStudyTests;
			sourceTree = "<group>";
		};
		2C3630132C2AD21E000FD762 /* SwiftUIStudyUITests */ = {
			isa = PBXGroup;
			children = (
				2C3630142C2AD21E000FD762 /* SwiftUIStudyUITests.swift */,
				2C3630162C2AD21E000FD762 /* SwiftUIStudyUITestsLaunchTests.swift */,
			);
			path = SwiftUIStudyUITests;
			sourceTree = "<group>";
		};
		2C36302F2C2AD36C000FD762 /* View */ = {
			isa = PBXGroup;
			children = (
				2C36302D2C2AD35C000FD762 /* MarbleView.swift */,
				2C36302B2C2AD346000FD762 /* LipsView.swift */,
				2C3630292C2AD326000FD762 /* ActIveView.swift */,
				2C3630252C2AD2DB000FD762 /* So0View.swift */,
				2C3630232C2AD2CA000FD762 /* SoomView.swift */,
				2C1376162C382C4100CE1BC9 /* SoomViews */,
				7738FB0D2C2BD1F6002A8104 /* SumchiveView.swift */,
			);
			path = View;
			sourceTree = "<group>";
		};
		2C3630302C2AD372000FD762 /* MainTabView */ = {
			isa = PBXGroup;
			children = (
				7738FB0B2C2BD156002A8104 /* MainTabView.swift */,
			);
			path = MainTabView;
			sourceTree = "<group>";
		};
/* End PBXGroup section */

/* Begin PBXNativeTarget section */
		2C362FF52C2AD21D000FD762 /* SwiftUIStudy */ = {
			isa = PBXNativeTarget;
			buildConfigurationList = 2C36301A2C2AD21E000FD762 /* Build configuration list for PBXNativeTarget "SwiftUIStudy" */;
			buildPhases = (
				2C362FF22C2AD21D000FD762 /* Sources */,
				2C362FF32C2AD21D000FD762 /* Frameworks */,
				2C362FF42C2AD21D000FD762 /* Resources */,
			);
			buildRules = (
			);
			dependencies = (
			);
			name = SwiftUIStudy;
			productName = SwiftUIStudy;
			productReference = 2C362FF62C2AD21D000FD762 /* SwiftUIStudy.app */;
			productType = "com.apple.product-type.application";
		};
		2C3630052C2AD21E000FD762 /* SwiftUIStudyTests */ = {
			isa = PBXNativeTarget;
			buildConfigurationList = 2C36301D2C2AD21E000FD762 /* Build configuration list for PBXNativeTarget "SwiftUIStudyTests" */;
			buildPhases = (
				2C3630022C2AD21E000FD762 /* Sources */,
				2C3630032C2AD21E000FD762 /* Frameworks */,
				2C3630042C2AD21E000FD762 /* Resources */,
			);
			buildRules = (
			);
			dependencies = (
				2C3630082C2AD21E000FD762 /* PBXTargetDependency */,
			);
			name = SwiftUIStudyTests;
			productName = SwiftUIStudyTests;
			productReference = 2C3630062C2AD21E000FD762 /* SwiftUIStudyTests.xctest */;
			productType = "com.apple.product-type.bundle.unit-test";
		};
		2C36300F2C2AD21E000FD762 /* SwiftUIStudyUITests */ = {
			isa = PBXNativeTarget;
			buildConfigurationList = 2C3630202C2AD21E000FD762 /* Build configuration list for PBXNativeTarget "SwiftUIStudyUITests" */;
			buildPhases = (
				2C36300C2C2AD21E000FD762 /* Sources */,
				2C36300D2C2AD21E000FD762 /* Frameworks */,
				2C36300E2C2AD21E000FD762 /* Resources */,
			);
			buildRules = (
			);
			dependencies = (
				2C3630122C2AD21E000FD762 /* PBXTargetDependency */,
			);
			name = SwiftUIStudyUITests;
			productName = SwiftUIStudyUITests;
			productReference = 2C3630102C2AD21E000FD762 /* SwiftUIStudyUITests.xctest */;
			productType = "com.apple.product-type.bundle.ui-testing";
		};
/* End PBXNativeTarget section */

/* Begin PBXProject section */
		2C362FEE2C2AD21D000FD762 /* Project object */ = {
			isa = PBXProject;
			attributes = {
				BuildIndependentTargetsInParallel = 1;
				LastSwiftUpdateCheck = 1540;
				LastUpgradeCheck = 1540;
				TargetAttributes = {
					2C362FF52C2AD21D000FD762 = {
						CreatedOnToolsVersion = 15.4;
					};
					2C3630052C2AD21E000FD762 = {
						CreatedOnToolsVersion = 15.4;
						TestTargetID = 2C362FF52C2AD21D000FD762;
					};
					2C36300F2C2AD21E000FD762 = {
						CreatedOnToolsVersion = 15.4;
						TestTargetID = 2C362FF52C2AD21D000FD762;
					};
				};
			};
			buildConfigurationList = 2C362FF12C2AD21D000FD762 /* Build configuration list for PBXProject "SwiftUIStudy" */;
			compatibilityVersion = "Xcode 14.0";
			developmentRegion = en;
			hasScannedForEncodings = 0;
			knownRegions = (
				en,
				Base,
			);
			mainGroup = 2C362FED2C2AD21D000FD762;
			productRefGroup = 2C362FF72C2AD21D000FD762 /* Products */;
			projectDirPath = "";
			projectRoot = "";
			targets = (
				2C362FF52C2AD21D000FD762 /* SwiftUIStudy */,
				2C3630052C2AD21E000FD762 /* SwiftUIStudyTests */,
				2C36300F2C2AD21E000FD762 /* SwiftUIStudyUITests */,
			);
		};
/* End PBXProject section */

/* Begin PBXResourcesBuildPhase section */
		2C362FF42C2AD21D000FD762 /* Resources */ = {
			isa = PBXResourcesBuildPhase;
			buildActionMask = 2147483647;
			files = (
				2C3630012C2AD21E000FD762 /* Preview Assets.xcassets in Resources */,
				2C362FFE2C2AD21E000FD762 /* Assets.xcassets in Resources */,
			);
			runOnlyForDeploymentPostprocessing = 0;
		};
		2C3630042C2AD21E000FD762 /* Resources */ = {
			isa = PBXResourcesBuildPhase;
			buildActionMask = 2147483647;
			files = (
			);
			runOnlyForDeploymentPostprocessing = 0;
		};
		2C36300E2C2AD21E000FD762 /* Resources */ = {
			isa = PBXResourcesBuildPhase;
			buildActionMask = 2147483647;
			files = (
			);
			runOnlyForDeploymentPostprocessing = 0;
		};
/* End PBXResourcesBuildPhase section */

/* Begin PBXSourcesBuildPhase section */
		2C362FF22C2AD21D000FD762 /* Sources */ = {
			isa = PBXSourcesBuildPhase;
			buildActionMask = 2147483647;
			files = (
				2C3630242C2AD2CA000FD762 /* SoomView.swift in Sources */,
				2C36302E2C2AD35C000FD762 /* MarbleView.swift in Sources */,
				2C36302C2C2AD346000FD762 /* LipsView.swift in Sources */,
				7738FB0C2C2BD156002A8104 /* MainTabView.swift in Sources */,
				7738FB0E2C2BD1F6002A8104 /* SumchiveView.swift in Sources */,
				2CCF619E2C3425B70091062C /* LottoView.swift in Sources */,
				2C3630262C2AD2DB000FD762 /* So0View.swift in Sources */,
				2C36302A2C2AD326000FD762 /* ActIveView.swift in Sources */,
				2C362FFA2C2AD21D000FD762 /* SwiftUIStudyApp.swift in Sources */,
			);
			runOnlyForDeploymentPostprocessing = 0;
		};
		2C3630022C2AD21E000FD762 /* Sources */ = {
			isa = PBXSourcesBuildPhase;
			buildActionMask = 2147483647;
			files = (
				2C36300B2C2AD21E000FD762 /* SwiftUIStudyTests.swift in Sources */,
			);
			runOnlyForDeploymentPostprocessing = 0;
		};
		2C36300C2C2AD21E000FD762 /* Sources */ = {
			isa = PBXSourcesBuildPhase;
			buildActionMask = 2147483647;
			files = (
				2C3630172C2AD21E000FD762 /* SwiftUIStudyUITestsLaunchTests.swift in Sources */,
				2C3630152C2AD21E000FD762 /* SwiftUIStudyUITests.swift in Sources */,
			);
			runOnlyForDeploymentPostprocessing = 0;
		};
/* End PBXSourcesBuildPhase section */

/* Begin PBXTargetDependency section */
		2C3630082C2AD21E000FD762 /* PBXTargetDependency */ = {
			isa = PBXTargetDependency;
			target = 2C362FF52C2AD21D000FD762 /* SwiftUIStudy */;
			targetProxy = 2C3630072C2AD21E000FD762 /* PBXContainerItemProxy */;
		};
		2C3630122C2AD21E000FD762 /* PBXTargetDependency */ = {
			isa = PBXTargetDependency;
			target = 2C362FF52C2AD21D000FD762 /* SwiftUIStudy */;
			targetProxy = 2C3630112C2AD21E000FD762 /* PBXContainerItemProxy */;
		};
/* End PBXTargetDependency section */

/* Begin XCBuildConfiguration section */
		2C3630182C2AD21E000FD762 /* Debug */ = {
			isa = XCBuildConfiguration;
			buildSettings = {
				ALWAYS_SEARCH_USER_PATHS = NO;
				ASSETCATALOG_COMPILER_GENERATE_SWIFT_ASSET_SYMBOL_EXTENSIONS = YES;
				CLANG_ANALYZER_NONNULL = YES;
				CLANG_ANALYZER_NUMBER_OBJECT_CONVERSION = YES_AGGRESSIVE;
				CLANG_CXX_LANGUAGE_STANDARD = "gnu++20";
				CLANG_ENABLE_MODULES = YES;
				CLANG_ENABLE_OBJC_ARC = YES;
				CLANG_ENABLE_OBJC_WEAK = YES;
				CLANG_WARN_BLOCK_CAPTURE_AUTORELEASING = YES;
				CLANG_WARN_BOOL_CONVERSION = YES;
				CLANG_WARN_COMMA = YES;
				CLANG_WARN_CONSTANT_CONVERSION = YES;
				CLANG_WARN_DEPRECATED_OBJC_IMPLEMENTATIONS = YES;
				CLANG_WARN_DIRECT_OBJC_ISA_USAGE = YES_ERROR;
				CLANG_WARN_DOCUMENTATION_COMMENTS = YES;
				CLANG_WARN_EMPTY_BODY = YES;
				CLANG_WARN_ENUM_CONVERSION = YES;
				CLANG_WARN_INFINITE_RECURSION = YES;
				CLANG_WARN_INT_CONVERSION = YES;
				CLANG_WARN_NON_LITERAL_NULL_CONVERSION = YES;
				CLANG_WARN_OBJC_IMPLICIT_RETAIN_SELF = YES;
				CLANG_WARN_OBJC_LITERAL_CONVERSION = YES;
				CLANG_WARN_OBJC_ROOT_CLASS = YES_ERROR;
				CLANG_WARN_QUOTED_INCLUDE_IN_FRAMEWORK_HEADER = YES;
				CLANG_WARN_RANGE_LOOP_ANALYSIS = YES;
				CLANG_WARN_STRICT_PROTOTYPES = YES;
				CLANG_WARN_SUSPICIOUS_MOVE = YES;
				CLANG_WARN_UNGUARDED_AVAILABILITY = YES_AGGRESSIVE;
				CLANG_WARN_UNREACHABLE_CODE = YES;
				CLANG_WARN__DUPLICATE_METHOD_MATCH = YES;
				COPY_PHASE_STRIP = NO;
				DEBUG_INFORMATION_FORMAT = dwarf;
				ENABLE_STRICT_OBJC_MSGSEND = YES;
				ENABLE_TESTABILITY = YES;
				ENABLE_USER_SCRIPT_SANDBOXING = YES;
				GCC_C_LANGUAGE_STANDARD = gnu17;
				GCC_DYNAMIC_NO_PIC = NO;
				GCC_NO_COMMON_BLOCKS = YES;
				GCC_OPTIMIZATION_LEVEL = 0;
				GCC_PREPROCESSOR_DEFINITIONS = (
					"DEBUG=1",
					"$(inherited)",
				);
				GCC_WARN_64_TO_32_BIT_CONVERSION = YES;
				GCC_WARN_ABOUT_RETURN_TYPE = YES_ERROR;
				GCC_WARN_UNDECLARED_SELECTOR = YES;
				GCC_WARN_UNINITIALIZED_AUTOS = YES_AGGRESSIVE;
				GCC_WARN_UNUSED_FUNCTION = YES;
				GCC_WARN_UNUSED_VARIABLE = YES;
				IPHONEOS_DEPLOYMENT_TARGET = 17.5;
				LOCALIZATION_PREFERS_STRING_CATALOGS = YES;
				MTL_ENABLE_DEBUG_INFO = INCLUDE_SOURCE;
				MTL_FAST_MATH = YES;
				ONLY_ACTIVE_ARCH = YES;
				SDKROOT = iphoneos;
				SWIFT_ACTIVE_COMPILATION_CONDITIONS = "DEBUG $(inherited)";
				SWIFT_OPTIMIZATION_LEVEL = "-Onone";
			};
			name = Debug;
		};
		2C3630192C2AD21E000FD762 /* Release */ = {
			isa = XCBuildConfiguration;
			buildSettings = {
				ALWAYS_SEARCH_USER_PATHS = NO;
				ASSETCATALOG_COMPILER_GENERATE_SWIFT_ASSET_SYMBOL_EXTENSIONS = YES;
				CLANG_ANALYZER_NONNULL = YES;
				CLANG_ANALYZER_NUMBER_OBJECT_CONVERSION = YES_AGGRESSIVE;
				CLANG_CXX_LANGUAGE_STANDARD = "gnu++20";
				CLANG_ENABLE_MODULES = YES;
				CLANG_ENABLE_OBJC_ARC = YES;
				CLANG_ENABLE_OBJC_WEAK = YES;
				CLANG_WARN_BLOCK_CAPTURE_AUTORELEASING = YES;
				CLANG_WARN_BOOL_CONVERSION = YES;
				CLANG_WARN_COMMA = YES;
				CLANG_WARN_CONSTANT_CONVERSION = YES;
				CLANG_WARN_DEPRECATED_OBJC_IMPLEMENTATIONS = YES;
				CLANG_WARN_DIRECT_OBJC_ISA_USAGE = YES_ERROR;
				CLANG_WARN_DOCUMENTATION_COMMENTS = YES;
				CLANG_WARN_EMPTY_BODY = YES;
				CLANG_WARN_ENUM_CONVERSION = YES;
				CLANG_WARN_INFINITE_RECURSION = YES;
				CLANG_WARN_INT_CONVERSION = YES;
				CLANG_WARN_NON_LITERAL_NULL_CONVERSION = YES;
				CLANG_WARN_OBJC_IMPLICIT_RETAIN_SELF = YES;
				CLANG_WARN_OBJC_LITERAL_CONVERSION = YES;
				CLANG_WARN_OBJC_ROOT_CLASS = YES_ERROR;
				CLANG_WARN_QUOTED_INCLUDE_IN_FRAMEWORK_HEADER = YES;
				CLANG_WARN_RANGE_LOOP_ANALYSIS = YES;
				CLANG_WARN_STRICT_PROTOTYPES = YES;
				CLANG_WARN_SUSPICIOUS_MOVE = YES;
				CLANG_WARN_UNGUARDED_AVAILABILITY = YES_AGGRESSIVE;
				CLANG_WARN_UNREACHABLE_CODE = YES;
				CLANG_WARN__DUPLICATE_METHOD_MATCH = YES;
				COPY_PHASE_STRIP = NO;
				DEBUG_INFORMATION_FORMAT = "dwarf-with-dsym";
				ENABLE_NS_ASSERTIONS = NO;
				ENABLE_STRICT_OBJC_MSGSEND = YES;
				ENABLE_USER_SCRIPT_SANDBOXING = YES;
				GCC_C_LANGUAGE_STANDARD = gnu17;
				GCC_NO_COMMON_BLOCKS = YES;
				GCC_WARN_64_TO_32_BIT_CONVERSION = YES;
				GCC_WARN_ABOUT_RETURN_TYPE = YES_ERROR;
				GCC_WARN_UNDECLARED_SELECTOR = YES;
				GCC_WARN_UNINITIALIZED_AUTOS = YES_AGGRESSIVE;
				GCC_WARN_UNUSED_FUNCTION = YES;
				GCC_WARN_UNUSED_VARIABLE = YES;
				IPHONEOS_DEPLOYMENT_TARGET = 17.5;
				LOCALIZATION_PREFERS_STRING_CATALOGS = YES;
				MTL_ENABLE_DEBUG_INFO = NO;
				MTL_FAST_MATH = YES;
				SDKROOT = iphoneos;
				SWIFT_COMPILATION_MODE = wholemodule;
				VALIDATE_PRODUCT = YES;
			};
			name = Release;
		};
		2C36301B2C2AD21E000FD762 /* Debug */ = {
			isa = XCBuildConfiguration;
			buildSettings = {
				ASSETCATALOG_COMPILER_APPICON_NAME = AppIcon;
				ASSETCATALOG_COMPILER_GLOBAL_ACCENT_COLOR_NAME = AccentColor;
				CODE_SIGN_STYLE = Automatic;
				CURRENT_PROJECT_VERSION = 1;
				DEVELOPMENT_ASSET_PATHS = "\"SwiftUIStudy/Preview Content\"";
				DEVELOPMENT_TEAM = U4BQZ3AXAA;
				ENABLE_PREVIEWS = YES;
				GENERATE_INFOPLIST_FILE = YES;
				INFOPLIST_KEY_UIApplicationSceneManifest_Generation = YES;
				INFOPLIST_KEY_UIApplicationSupportsIndirectInputEvents = YES;
				INFOPLIST_KEY_UILaunchScreen_Generation = YES;
				INFOPLIST_KEY_UISupportedInterfaceOrientations_iPad = "UIInterfaceOrientationPortrait UIInterfaceOrientationPortraitUpsideDown UIInterfaceOrientationLandscapeLeft UIInterfaceOrientationLandscapeRight";
				INFOPLIST_KEY_UISupportedInterfaceOrientations_iPhone = "UIInterfaceOrientationPortrait UIInterfaceOrientationLandscapeLeft UIInterfaceOrientationLandscapeRight";
				LD_RUNPATH_SEARCH_PATHS = (
					"$(inherited)",
					"@executable_path/Frameworks",
				);
				MARKETING_VERSION = 1.0;
				PRODUCT_BUNDLE_IDENTIFIER = com.sueunkim.SwiftUIStudy;
				PRODUCT_NAME = "$(TARGET_NAME)";
				SWIFT_EMIT_LOC_STRINGS = YES;
				SWIFT_VERSION = 5.0;
				TARGETED_DEVICE_FAMILY = "1,2";
			};
			name = Debug;
		};
		2C36301C2C2AD21E000FD762 /* Release */ = {
			isa = XCBuildConfiguration;
			buildSettings = {
				ASSETCATALOG_COMPILER_APPICON_NAME = AppIcon;
				ASSETCATALOG_COMPILER_GLOBAL_ACCENT_COLOR_NAME = AccentColor;
				CODE_SIGN_STYLE = Automatic;
				CURRENT_PROJECT_VERSION = 1;
				DEVELOPMENT_ASSET_PATHS = "\"SwiftUIStudy/Preview Content\"";
				DEVELOPMENT_TEAM = U4BQZ3AXAA;
				ENABLE_PREVIEWS = YES;
				GENERATE_INFOPLIST_FILE = YES;
				INFOPLIST_KEY_UIApplicationSceneManifest_Generation = YES;
				INFOPLIST_KEY_UIApplicationSupportsIndirectInputEvents = YES;
				INFOPLIST_KEY_UILaunchScreen_Generation = YES;
				INFOPLIST_KEY_UISupportedInterfaceOrientations_iPad = "UIInterfaceOrientationPortrait UIInterfaceOrientationPortraitUpsideDown UIInterfaceOrientationLandscapeLeft UIInterfaceOrientationLandscapeRight";
				INFOPLIST_KEY_UISupportedInterfaceOrientations_iPhone = "UIInterfaceOrientationPortrait UIInterfaceOrientationLandscapeLeft UIInterfaceOrientationLandscapeRight";
				LD_RUNPATH_SEARCH_PATHS = (
					"$(inherited)",
					"@executable_path/Frameworks",
				);
				MARKETING_VERSION = 1.0;
				PRODUCT_BUNDLE_IDENTIFIER = com.sueunkim.SwiftUIStudy;
				PRODUCT_NAME = "$(TARGET_NAME)";
				SWIFT_EMIT_LOC_STRINGS = YES;
				SWIFT_VERSION = 5.0;
				TARGETED_DEVICE_FAMILY = "1,2";
			};
			name = Release;
		};
		2C36301E2C2AD21E000FD762 /* Debug */ = {
			isa = XCBuildConfiguration;
			buildSettings = {
				ALWAYS_EMBED_SWIFT_STANDARD_LIBRARIES = YES;
				BUNDLE_LOADER = "$(TEST_HOST)";
				CODE_SIGN_STYLE = Automatic;
				CURRENT_PROJECT_VERSION = 1;
				DEVELOPMENT_TEAM = U4BQZ3AXAA;
				GENERATE_INFOPLIST_FILE = YES;
				IPHONEOS_DEPLOYMENT_TARGET = 17.5;
				MARKETING_VERSION = 1.0;
				PRODUCT_BUNDLE_IDENTIFIER = com.sueunkim.SwiftUIStudyTests;
				PRODUCT_NAME = "$(TARGET_NAME)";
				SWIFT_EMIT_LOC_STRINGS = NO;
				SWIFT_VERSION = 5.0;
				TARGETED_DEVICE_FAMILY = "1,2";
				TEST_HOST = "$(BUILT_PRODUCTS_DIR)/SwiftUIStudy.app/$(BUNDLE_EXECUTABLE_FOLDER_PATH)/SwiftUIStudy";
			};
			name = Debug;
		};
		2C36301F2C2AD21E000FD762 /* Release */ = {
			isa = XCBuildConfiguration;
			buildSettings = {
				ALWAYS_EMBED_SWIFT_STANDARD_LIBRARIES = YES;
				BUNDLE_LOADER = "$(TEST_HOST)";
				CODE_SIGN_STYLE = Automatic;
				CURRENT_PROJECT_VERSION = 1;
				DEVELOPMENT_TEAM = U4BQZ3AXAA;
				GENERATE_INFOPLIST_FILE = YES;
				IPHONEOS_DEPLOYMENT_TARGET = 17.5;
				MARKETING_VERSION = 1.0;
				PRODUCT_BUNDLE_IDENTIFIER = com.sueunkim.SwiftUIStudyTests;
				PRODUCT_NAME = "$(TARGET_NAME)";
				SWIFT_EMIT_LOC_STRINGS = NO;
				SWIFT_VERSION = 5.0;
				TARGETED_DEVICE_FAMILY = "1,2";
				TEST_HOST = "$(BUILT_PRODUCTS_DIR)/SwiftUIStudy.app/$(BUNDLE_EXECUTABLE_FOLDER_PATH)/SwiftUIStudy";
			};
			name = Release;
		};
		2C3630212C2AD21E000FD762 /* Debug */ = {
			isa = XCBuildConfiguration;
			buildSettings = {
				ALWAYS_EMBED_SWIFT_STANDARD_LIBRARIES = YES;
				CODE_SIGN_STYLE = Automatic;
				CURRENT_PROJECT_VERSION = 1;
				DEVELOPMENT_TEAM = U4BQZ3AXAA;
				GENERATE_INFOPLIST_FILE = YES;
				MARKETING_VERSION = 1.0;
				PRODUCT_BUNDLE_IDENTIFIER = com.sueunkim.SwiftUIStudyUITests;
				PRODUCT_NAME = "$(TARGET_NAME)";
				SWIFT_EMIT_LOC_STRINGS = NO;
				SWIFT_VERSION = 5.0;
				TARGETED_DEVICE_FAMILY = "1,2";
				TEST_TARGET_NAME = SwiftUIStudy;
			};
			name = Debug;
		};
		2C3630222C2AD21E000FD762 /* Release */ = {
			isa = XCBuildConfiguration;
			buildSettings = {
				ALWAYS_EMBED_SWIFT_STANDARD_LIBRARIES = YES;
				CODE_SIGN_STYLE = Automatic;
				CURRENT_PROJECT_VERSION = 1;
				DEVELOPMENT_TEAM = U4BQZ3AXAA;
				GENERATE_INFOPLIST_FILE = YES;
				MARKETING_VERSION = 1.0;
				PRODUCT_BUNDLE_IDENTIFIER = com.sueunkim.SwiftUIStudyUITests;
				PRODUCT_NAME = "$(TARGET_NAME)";
				SWIFT_EMIT_LOC_STRINGS = NO;
				SWIFT_VERSION = 5.0;
				TARGETED_DEVICE_FAMILY = "1,2";
				TEST_TARGET_NAME = SwiftUIStudy;
			};
			name = Release;
		};
/* End XCBuildConfiguration section */

/* Begin XCConfigurationList section */
		2C362FF12C2AD21D000FD762 /* Build configuration list for PBXProject "SwiftUIStudy" */ = {
			isa = XCConfigurationList;
			buildConfigurations = (
				2C3630182C2AD21E000FD762 /* Debug */,
				2C3630192C2AD21E000FD762 /* Release */,
			);
			defaultConfigurationIsVisible = 0;
			defaultConfigurationName = Release;
		};
		2C36301A2C2AD21E000FD762 /* Build configuration list for PBXNativeTarget "SwiftUIStudy" */ = {
			isa = XCConfigurationList;
			buildConfigurations = (
				2C36301B2C2AD21E000FD762 /* Debug */,
				2C36301C2C2AD21E000FD762 /* Release */,
			);
			defaultConfigurationIsVisible = 0;
			defaultConfigurationName = Release;
		};
		2C36301D2C2AD21E000FD762 /* Build configuration list for PBXNativeTarget "SwiftUIStudyTests" */ = {
			isa = XCConfigurationList;
			buildConfigurations = (
				2C36301E2C2AD21E000FD762 /* Debug */,
				2C36301F2C2AD21E000FD762 /* Release */,
			);
			defaultConfigurationIsVisible = 0;
			defaultConfigurationName = Release;
		};
		2C3630202C2AD21E000FD762 /* Build configuration list for PBXNativeTarget "SwiftUIStudyUITests" */ = {
			isa = XCConfigurationList;
			buildConfigurations = (
				2C3630212C2AD21E000FD762 /* Debug */,
				2C3630222C2AD21E000FD762 /* Release */,
			);
			defaultConfigurationIsVisible = 0;
			defaultConfigurationName = Release;
		};
/* End XCConfigurationList section */
	};
	rootObject = 2C362FEE2C2AD21D000FD762 /* Project object */;
}
